<?xml version="1.0" encoding="utf-8"?>
<Project ToolsVersion="4.0" xmlns="http://schemas.microsoft.com/developer/msbuild/2003">
  <ItemGroup>
    <Filter Include="Resource Files">
      <UniqueIdentifier>{67DA6AB6-F800-4c08-8B7A-83BB121AAD01}</UniqueIdentifier>
      <Extensions>rc;ico;cur;bmp;dlg;rc2;rct;bin;rgs;gif;jpg;jpeg;jpe;resx;tiff;tif;png;wav;mfcribbon-ms</Extensions>
    </Filter>
    <Filter Include="Source Files">
      <UniqueIdentifier>{4FC737F1-C7A5-4376-A066-2A32D752A2FF}</UniqueIdentifier>
      <Extensions>cpp;c;cc;cxx;c++;cppm;ixx;def;odl;idl;hpj;bat;asm;asmx</Extensions>
    </Filter>
    <Filter Include="Header Files">
      <UniqueIdentifier>{93995380-89BD-4b04-88EB-625FBE52EBFB}</UniqueIdentifier>
      <Extensions>h;hh;hpp;hxx;h++;hm;inl;inc;ipp;xsd</Extensions>
    </Filter>
    <Filter Include="Header Files\ImGui">
      <UniqueIdentifier>{7b2270dc-69b7-4784-8db7-61f0ee3d462d}</UniqueIdentifier>
    </Filter>
  </ItemGroup>
  <ItemGroup>
    <ClCompile Include="main.cpp">
      <Filter>Source Files</Filter>
    </ClCompile>
    <ClCompile Include="ImGui\imgui.cpp">
      <Filter>Header Files\ImGui</Filter>
    </ClCompile>
    <ClCompile Include="ImGui\imgui_demo.cpp">
      <Filter>Header Files\ImGui</Filter>
    </ClCompile>
    <ClCompile Include="ImGui\imgui_draw.cpp">
      <Filter>Header Files\ImGui</Filter>
    </ClCompile>
    <ClCompile Include="ImGui\imgui_tables.cpp">
      <Filter>Header Files\ImGui</Filter>
    </ClCompile>
    <ClCompile Include="ImGui\imgui_widgets.cpp">
      <Filter>Header Files\ImGui</Filter>
    </ClCompile>
    <ClCompile Include="UI.cpp">
      <Filter>Source Files</Filter>
    </ClCompile>
    <ClCompile Include="Drawing.cpp">
      <Filter>Source Files</Filter>
    </ClCompile>
    <ClCompile Include="ImGui\imgui_impl_dx11.cpp">
      <Filter>Header Files\ImGui</Filter>
    </ClCompile>
    <ClCompile Include="ImGui\imgui_impl_win32.cpp">
      <Filter>Header Files\ImGui</Filter>
    </ClCompile>
    <ClCompile Include="ImGui\imgui_stdlib.cpp">
      <Filter>Source Files</Filter>
    </ClCompile>
  </ItemGroup>
  <ItemGroup>
    <ClInclude Include="ImGui\imconfig.h">
      <Filter>Header Files\ImGui</Filter>
    </ClInclude>
    <ClInclude Include="ImGui\imfilebrowser.h">
      <Filter>Header Files\ImGui</Filter>
    </ClInclude>
    <ClInclude Include="ImGui\imgui.h">
      <Filter>Header Files\ImGui</Filter>
    </ClInclude>
    <ClInclude Include="ImGui\imgui_internal.h">
      <Filter>Header Files\ImGui</Filter>
    </ClInclude>
    <ClInclude Include="ImGui\imstb_rectpack.h">
      <Filter>Header Files\ImGui</Filter>
    </ClInclude>
    <ClInclude Include="ImGui\imstb_textedit.h">
      <Filter>Header Files\ImGui</Filter>
    </ClInclude>
    <ClInclude Include="ImGui\imstb_truetype.h">
      <Filter>Header Files\ImGui</Filter>
    </ClInclude>
    <ClInclude Include="UI.h">
      <Filter>Header Files</Filter>
    </ClInclude>
    <ClInclude Include="Drawing.h">
      <Filter>Header Files</Filter>
    </ClInclude>
    <ClInclude Include="ImGui\imgui_impl_dx11.h">
      <Filter>Header Files\ImGui</Filter>
    </ClInclude>
    <ClInclude Include="ImGui\imgui_impl_win32.h">
      <Filter>Header Files\ImGui</Filter>
    </ClInclude>
    <ClInclude Include="pch.h">
      <Filter>Header Files</Filter>
    </ClInclude>
    <ClInclude Include="IniReader\ini_parser.hpp">
      <Filter>Header Files</Filter>
    </ClInclude>
    <ClInclude Include="IniReader\IniReader.h">
      <Filter>Header Files</Filter>
    </ClInclude>
    <ClInclude Include="ImGui\imgui_stdlib.h">
      <Filter>Header Files</Filter>
    </ClInclude>
    <ClInclude Include="bit7z\bit7z.hpp">
      <Filter>Header Files</Filter>
    </ClInclude>
    <ClInclude Include="bit7z\bit7zlibrary.hpp">
      <Filter>Header Files</Filter>
    </ClInclude>
    <ClInclude Include="bit7z\bitabstractarchivecreator.hpp">
      <Filter>Header Files</Filter>
    </ClInclude>
    <ClInclude Include="bit7z\bitabstractarchivehandler.hpp">
      <Filter>Header Files</Filter>
    </ClInclude>
    <ClInclude Include="bit7z\bitabstractarchiveopener.hpp">
      <Filter>Header Files</Filter>
    </ClInclude>
    <ClInclude Include="bit7z\bitarchiveeditor.hpp">
      <Filter>Header Files</Filter>
    </ClInclude>
    <ClInclude Include="bit7z\bitarchiveitem.hpp">
      <Filter>Header Files</Filter>
    </ClInclude>
    <ClInclude Include="bit7z\bitarchiveiteminfo.hpp">
      <Filter>Header Files</Filter>
    </ClInclude>
    <ClInclude Include="bit7z\bitarchiveitemoffset.hpp">
      <Filter>Header Files</Filter>
    </ClInclude>
    <ClInclude Include="bit7z\bitarchivereader.hpp">
      <Filter>Header Files</Filter>
    </ClInclude>
    <ClInclude Include="bit7z\bitarchivewriter.hpp">
      <Filter>Header Files</Filter>
    </ClInclude>
    <ClInclude Include="bit7z\bitcompressionlevel.hpp">
      <Filter>Header Files</Filter>
    </ClInclude>
    <ClInclude Include="bit7z\bitcompressionmethod.hpp">
      <Filter>Header Files</Filter>
    </ClInclude>
    <ClInclude Include="bit7z\bitcompressor.hpp">
      <Filter>Header Files</Filter>
    </ClInclude>
    <ClInclude Include="bit7z\bitdefines.hpp">
      <Filter>Header Files</Filter>
    </ClInclude>
    <ClInclude Include="bit7z\biterror.hpp">
      <Filter>Header Files</Filter>
    </ClInclude>
    <ClInclude Include="bit7z\bitexception.hpp">
      <Filter>Header Files</Filter>
    </ClInclude>
    <ClInclude Include="bit7z\bitextractor.hpp">
      <Filter>Header Files</Filter>
    </ClInclude>
    <ClInclude Include="bit7z\bitfilecompressor.hpp">
      <Filter>Header Files</Filter>
    </ClInclude>
    <ClInclude Include="bit7z\bitfileextractor.hpp">
      <Filter>Header Files</Filter>
    </ClInclude>
    <ClInclude Include="bit7z\bitformat.hpp">
      <Filter>Header Files</Filter>
    </ClInclude>
    <ClInclude Include="bit7z\bitfs.hpp">
      <Filter>Header Files</Filter>
    </ClInclude>
    <ClInclude Include="bit7z\bitgenericitem.hpp">
      <Filter>Header Files</Filter>
    </ClInclude>
    <ClInclude Include="bit7z\bitinputarchive.hpp">
      <Filter>Header Files</Filter>
    </ClInclude>
    <ClInclude Include="bit7z\bititemsvector.hpp">
      <Filter>Header Files</Filter>
    </ClInclude>
    <ClInclude Include="bit7z\bitmemcompressor.hpp">
      <Filter>Header Files</Filter>
    </ClInclude>
    <ClInclude Include="bit7z\bitmemextractor.hpp">
      <Filter>Header Files</Filter>
    </ClInclude>
    <ClInclude Include="bit7z\bitoutputarchive.hpp">
      <Filter>Header Files</Filter>
    </ClInclude>
    <ClInclude Include="bit7z\bitpropvariant.hpp">
      <Filter>Header Files</Filter>
    </ClInclude>
    <ClInclude Include="bit7z\bitstreamcompressor.hpp">
      <Filter>Header Files</Filter>
    </ClInclude>
    <ClInclude Include="bit7z\bitstreamextractor.hpp">
      <Filter>Header Files</Filter>
    </ClInclude>
    <ClInclude Include="bit7z\bittypes.hpp">
      <Filter>Header Files</Filter>
    </ClInclude>
    <ClInclude Include="bit7z\bitwindows.hpp">
      <Filter>Header Files</Filter>
    </ClInclude>
    <ClInclude Include="resource.h">
      <Filter>Header Files</Filter>
    </ClInclude>
    <ClInclude Include="FunctionsAndSettings.h">
      <Filter>Source Files</Filter>
    </ClInclude>
    <ClInclude Include="lib\x64\Release\bit7z.lib" />
  </ItemGroup>
</Project>